
Microsoft Visual Studio Solution File, Format Version 12.00
# Visual Studio Version 17
VisualStudioVersion = 17.11.35303.130
MinimumVisualStudioVersion = 10.0.40219.1
Project("{8BC9CEB8-8B4A-11D0-8D11-00A0C91BC942}") = "Project_6.4_it", "Project_6.4_it\Project_6.4_it.vcxproj", "{3CBD7E6A-04F2-41E2-AC33-C9FF5B868070}"
EndProject
Project("{8BC9CEB8-8B4A-11D0-8D11-00A0C91BC942}") = "UnitTest1", "UnitTest1\UnitTest1.vcxproj", "{CD870180-B6AC-4AF9-8406-01BFD3A52EFA}"
EndProject
Global
	GlobalSection(SolutionConfigurationPlatforms) = preSolution
		Debug|x64 = Debug|x64
		Debug|x86 = Debug|x86
		Release|x64 = Release|x64
		Release|x86 = Release|x86
	EndGlobalSection
	GlobalSection(ProjectConfigurationPlatforms) = postSolution
		{3CBD7E6A-04F2-41E2-AC33-C9FF5B868070}.Debug|x64.ActiveCfg = Debug|x64
		{3CBD7E6A-04F2-41E2-AC33-C9FF5B868070}.Debug|x64.Build.0 = Debug|x64
		{3CBD7E6A-04F2-41E2-AC33-C9FF5B868070}.Debug|x86.ActiveCfg = Debug|Win32
		{3CBD7E6A-04F2-41E2-AC33-C9FF5B868070}.Debug|x86.Build.0 = Debug|Win32
		{3CBD7E6A-04F2-41E2-AC33-C9FF5B868070}.Release|x64.ActiveCfg = Release|x64
		{3CBD7E6A-04F2-41E2-AC33-C9FF5B868070}.Release|x64.Build.0 = Release|x64
		{3CBD7E6A-04F2-41E2-AC33-C9FF5B868070}.Release|x86.ActiveCfg = Release|Win32
		{3CBD7E6A-04F2-41E2-AC33-C9FF5B868070}.Release|x86.Build.0 = Release|Win32
		{CD870180-B6AC-4AF9-8406-01BFD3A52EFA}.Debug|x64.ActiveCfg = Debug|x64
		{CD870180-B6AC-4AF9-8406-01BFD3A52EFA}.Debug|x64.Build.0 = Debug|x64
		{CD870180-B6AC-4AF9-8406-01BFD3A52EFA}.Debug|x86.ActiveCfg = Debug|Win32
		{CD870180-B6AC-4AF9-8406-01BFD3A52EFA}.Debug|x86.Build.0 = Debug|Win32
		{CD870180-B6AC-4AF9-8406-01BFD3A52EFA}.Release|x64.ActiveCfg = Release|x64
		{CD870180-B6AC-4AF9-8406-01BFD3A52EFA}.Release|x64.Build.0 = Release|x64
		{CD870180-B6AC-4AF9-8406-01BFD3A52EFA}.Release|x86.ActiveCfg = Release|Win32
		{CD870180-B6AC-4AF9-8406-01BFD3A52EFA}.Release|x86.Build.0 = Release|Win32
	EndGlobalSection
	GlobalSection(SolutionProperties) = preSolution
		HideSolutionNode = FALSE
	EndGlobalSection
	GlobalSection(ExtensibilityGlobals) = postSolution
		SolutionGuid = {FB7758ED-2963-46E8-899F-5BE3A9874368}
	EndGlobalSection
EndGlobal
